
Microsoft Visual Studio Solution File, Format Version 12.00
# Visual Studio Version 17
VisualStudioVersion = 17.0.31903.59
MinimumVisualStudioVersion = 10.0.40219.1
Project("{2150E333-8FDC-42A3-9474-1A3956D46DE8}") = ".text", ".text", "{07809DD9-A2AD-492F-B2AF-9395A9AA7E0D}"
	ProjectSection(SolutionItems) = preProject
		CHANGELOG.md = CHANGELOG.md
		README.md = README.md
	EndProjectSection
EndProject
Project("{2150E333-8FDC-42A3-9474-1A3956D46DE8}") = "src", "src", "{52E839FA-954F-4B06-98F4-BEEB716D0806}"
EndProject
Project("{2150E333-8FDC-42A3-9474-1A3956D46DE8}") = "tests", "tests", "{C0DF0EA7-EE6B-4657-87F1-F380FF89FE76}"
EndProject
Project("{2150E333-8FDC-42A3-9474-1A3956D46DE8}") = "sample", "sample", "{3E4D3870-EC64-4974-8FD2-F6B19E4A2BE6}"
EndProject
Project("{9A19103F-16F7-4668-BE54-9A1E7A4F7556}") = "NCronJob", "src\NCronJob\NCronJob.csproj", "{904F2F27-6F69-48F8-8FC8-20014CA41636}"
EndProject
Project("{2150E333-8FDC-42A3-9474-1A3956D46DE8}") = ".items", ".items", "{AD5C8EA4-4506-449F-994C-C32F2C5236DC}"
	ProjectSection(SolutionItems) = preProject
		.editorconfig = .editorconfig
		.gitignore = .gitignore
		Directory.Build.props = Directory.Build.props
		Directory.Packages.props = Directory.Packages.props
	EndProjectSection
EndProject
Project("{9A19103F-16F7-4668-BE54-9A1E7A4F7556}") = "NCronJobSample", "sample\NCronJobSample\NCronJobSample.csproj", "{A313F7A8-60BD-46C4-87C9-E71EF46B4A31}"
EndProject
Project("{9A19103F-16F7-4668-BE54-9A1E7A4F7556}") = "NCronJob.Tests", "tests\NCronJob.Tests\NCronJob.Tests.csproj", "{FAC0B14E-7A0A-488C-AAB2-9F8FEC503F93}"
EndProject
Project("{2150E333-8FDC-42A3-9474-1A3956D46DE8}") = ".workflows", ".workflows", "{F448F2B4-DD54-4299-A5D9-201995D30E07}"
	ProjectSection(SolutionItems) = preProject
		.github\workflows\codeql.yml = .github\workflows\codeql.yml
		.github\workflows\create-release.yml = .github\workflows\create-release.yml
		.github\workflows\docs.yml = .github\workflows\docs.yml
		.github\workflows\dotnet.yml = .github\workflows\dotnet.yml
	EndProjectSection
EndProject
Project("{9A19103F-16F7-4668-BE54-9A1E7A4F7556}") = "MinimalSample", "sample\MinimalSample\MinimalSample.csproj", "{7917CC29-F264-4868-B4FA-1DB4332F442F}"
EndProject
Project("{9A19103F-16F7-4668-BE54-9A1E7A4F7556}") = "RunOnceSample", "sample\RunOnceSample\RunOnceSample.csproj", "{AF3DD76A-3278-4381-9066-CF2515016F4C}"
EndProject
Global
	GlobalSection(SolutionConfigurationPlatforms) = preSolution
		Debug|Any CPU = Debug|Any CPU
		Release|Any CPU = Release|Any CPU
	EndGlobalSection
	GlobalSection(ProjectConfigurationPlatforms) = postSolution
		{904F2F27-6F69-48F8-8FC8-20014CA41636}.Debug|Any CPU.ActiveCfg = Debug|Any CPU
		{904F2F27-6F69-48F8-8FC8-20014CA41636}.Debug|Any CPU.Build.0 = Debug|Any CPU
		{904F2F27-6F69-48F8-8FC8-20014CA41636}.Release|Any CPU.ActiveCfg = Release|Any CPU
		{904F2F27-6F69-48F8-8FC8-20014CA41636}.Release|Any CPU.Build.0 = Release|Any CPU
		{A313F7A8-60BD-46C4-87C9-E71EF46B4A31}.Debug|Any CPU.ActiveCfg = Debug|Any CPU
		{A313F7A8-60BD-46C4-87C9-E71EF46B4A31}.Debug|Any CPU.Build.0 = Debug|Any CPU
		{A313F7A8-60BD-46C4-87C9-E71EF46B4A31}.Release|Any CPU.ActiveCfg = Release|Any CPU
		{A313F7A8-60BD-46C4-87C9-E71EF46B4A31}.Release|Any CPU.Build.0 = Release|Any CPU
		{FAC0B14E-7A0A-488C-AAB2-9F8FEC503F93}.Debug|Any CPU.ActiveCfg = Debug|Any CPU
		{FAC0B14E-7A0A-488C-AAB2-9F8FEC503F93}.Debug|Any CPU.Build.0 = Debug|Any CPU
		{FAC0B14E-7A0A-488C-AAB2-9F8FEC503F93}.Release|Any CPU.ActiveCfg = Release|Any CPU
		{FAC0B14E-7A0A-488C-AAB2-9F8FEC503F93}.Release|Any CPU.Build.0 = Release|Any CPU
		{7917CC29-F264-4868-B4FA-1DB4332F442F}.Debug|Any CPU.ActiveCfg = Debug|Any CPU
		{7917CC29-F264-4868-B4FA-1DB4332F442F}.Debug|Any CPU.Build.0 = Debug|Any CPU
		{7917CC29-F264-4868-B4FA-1DB4332F442F}.Release|Any CPU.ActiveCfg = Release|Any CPU
		{7917CC29-F264-4868-B4FA-1DB4332F442F}.Release|Any CPU.Build.0 = Release|Any CPU
		{AF3DD76A-3278-4381-9066-CF2515016F4C}.Debug|Any CPU.ActiveCfg = Debug|Any CPU
		{AF3DD76A-3278-4381-9066-CF2515016F4C}.Debug|Any CPU.Build.0 = Debug|Any CPU
		{AF3DD76A-3278-4381-9066-CF2515016F4C}.Release|Any CPU.ActiveCfg = Release|Any CPU
		{AF3DD76A-3278-4381-9066-CF2515016F4C}.Release|Any CPU.Build.0 = Release|Any CPU
	EndGlobalSection
	GlobalSection(SolutionProperties) = preSolution
		HideSolutionNode = FALSE
	EndGlobalSection
	GlobalSection(NestedProjects) = preSolution
		{904F2F27-6F69-48F8-8FC8-20014CA41636} = {52E839FA-954F-4B06-98F4-BEEB716D0806}
		{A313F7A8-60BD-46C4-87C9-E71EF46B4A31} = {3E4D3870-EC64-4974-8FD2-F6B19E4A2BE6}
		{FAC0B14E-7A0A-488C-AAB2-9F8FEC503F93} = {C0DF0EA7-EE6B-4657-87F1-F380FF89FE76}
		{7917CC29-F264-4868-B4FA-1DB4332F442F} = {3E4D3870-EC64-4974-8FD2-F6B19E4A2BE6}
		{AF3DD76A-3278-4381-9066-CF2515016F4C} = {3E4D3870-EC64-4974-8FD2-F6B19E4A2BE6}
	EndGlobalSection
EndGlobal
